
Microsoft Visual Studio Solution File, Format Version 12.00
# Visual Studio 15
VisualStudioVersion = 15.0.27130.2036
MinimumVisualStudioVersion = 10.0.40219.1
Project("{9A19103F-16F7-4668-BE54-9A1E7A4F7556}") = "SIS.HTTP", "SIS.HTTP\SIS.HTTP.csproj", "{1FA79D87-2C74-4DD1-80EC-EA3AEC1E88E8}"
EndProject
Project("{9A19103F-16F7-4668-BE54-9A1E7A4F7556}") = "SIS.WebServer", "SIS.WebServer\SIS.WebServer.csproj", "{36FB7E4B-10DD-4653-90AE-678701D6B269}"
EndProject
Project("{2150E333-8FDC-42A3-9474-1A3956D46DE8}") = "Apps", "Apps", "{D26F92B3-BA06-4357-A86E-F870081F7FE5}"
EndProject
Project("{9A19103F-16F7-4668-BE54-9A1E7A4F7556}") = "IRunesWebApp", "IRunesWebApp\IRunesWebApp.csproj", "{F5CA5B9C-9543-4873-8474-D48ED023F9FD}"
EndProject
Project("{9A19103F-16F7-4668-BE54-9A1E7A4F7556}") = "SIS.Framework", "SIS.Framework\SIS.Framework.csproj", "{DE682083-7121-4FBB-A5A1-4F4738E787E4}"
EndProject
Project("{FAE04EC0-301F-11D3-BF4B-00C04F79EFBC}") = "SIS.Demo", "SIS.Demo\SIS.Demo.csproj", "{81963066-2268-420D-A25E-F63377124711}"
EndProject
Global
	GlobalSection(SolutionConfigurationPlatforms) = preSolution
		Debug|Any CPU = Debug|Any CPU
		Release|Any CPU = Release|Any CPU
	EndGlobalSection
	GlobalSection(ProjectConfigurationPlatforms) = postSolution
		{1FA79D87-2C74-4DD1-80EC-EA3AEC1E88E8}.Debug|Any CPU.ActiveCfg = Debug|Any CPU
		{1FA79D87-2C74-4DD1-80EC-EA3AEC1E88E8}.Debug|Any CPU.Build.0 = Debug|Any CPU
		{1FA79D87-2C74-4DD1-80EC-EA3AEC1E88E8}.Release|Any CPU.ActiveCfg = Release|Any CPU
		{1FA79D87-2C74-4DD1-80EC-EA3AEC1E88E8}.Release|Any CPU.Build.0 = Release|Any CPU
		{36FB7E4B-10DD-4653-90AE-678701D6B269}.Debug|Any CPU.ActiveCfg = Debug|Any CPU
		{36FB7E4B-10DD-4653-90AE-678701D6B269}.Debug|Any CPU.Build.0 = Debug|Any CPU
		{36FB7E4B-10DD-4653-90AE-678701D6B269}.Release|Any CPU.ActiveCfg = Release|Any CPU
		{36FB7E4B-10DD-4653-90AE-678701D6B269}.Release|Any CPU.Build.0 = Release|Any CPU
		{F5CA5B9C-9543-4873-8474-D48ED023F9FD}.Debug|Any CPU.ActiveCfg = Debug|Any CPU
		{F5CA5B9C-9543-4873-8474-D48ED023F9FD}.Debug|Any CPU.Build.0 = Debug|Any CPU
		{F5CA5B9C-9543-4873-8474-D48ED023F9FD}.Release|Any CPU.ActiveCfg = Release|Any CPU
		{F5CA5B9C-9543-4873-8474-D48ED023F9FD}.Release|Any CPU.Build.0 = Release|Any CPU
		{DE682083-7121-4FBB-A5A1-4F4738E787E4}.Debug|Any CPU.ActiveCfg = Debug|Any CPU
		{DE682083-7121-4FBB-A5A1-4F4738E787E4}.Debug|Any CPU.Build.0 = Debug|Any CPU
		{DE682083-7121-4FBB-A5A1-4F4738E787E4}.Release|Any CPU.ActiveCfg = Release|Any CPU
		{DE682083-7121-4FBB-A5A1-4F4738E787E4}.Release|Any CPU.Build.0 = Release|Any CPU
		{81963066-2268-420D-A25E-F63377124711}.Debug|Any CPU.ActiveCfg = Debug|Any CPU
		{81963066-2268-420D-A25E-F63377124711}.Debug|Any CPU.Build.0 = Debug|Any CPU
		{81963066-2268-420D-A25E-F63377124711}.Release|Any CPU.ActiveCfg = Release|Any CPU
		{81963066-2268-420D-A25E-F63377124711}.Release|Any CPU.Build.0 = Release|Any CPU
	EndGlobalSection
	GlobalSection(SolutionProperties) = preSolution
		HideSolutionNode = FALSE
	EndGlobalSection
	GlobalSection(NestedProjects) = preSolution
		{F5CA5B9C-9543-4873-8474-D48ED023F9FD} = {D26F92B3-BA06-4357-A86E-F870081F7FE5}
	EndGlobalSection
	GlobalSection(ExtensibilityGlobals) = postSolution
		SolutionGuid = {2621FEBF-CF42-4D70-A751-ACAC43758830}
	EndGlobalSection
EndGlobal
